// !$*UTF8*$!
{
	archiveVersion = 1;
	classes = {
	};
	objectVersion = 46;
	objects = {

/* Begin PBXBuildFile section */
		7944FA511D33D7CA00C230C2 /* AppDelegate.swift in Sources */ = {isa = PBXBuildFile; fileRef = 7944FA501D33D7CA00C230C2 /* AppDelegate.swift */; };
		7944FA581D33D7CA00C230C2 /* Assets.xcassets in Resources */ = {isa = PBXBuildFile; fileRef = 7944FA571D33D7CA00C230C2 /* Assets.xcassets */; };
		7944FA631D33D8F200C230C2 /* my_icon_large.png in Resources */ = {isa = PBXBuildFile; fileRef = 7944FA621D33D8F200C230C2 /* my_icon_large.png */; };
		797ED98B1D3774E0006DB271 /* LaunchScreen.storyboard in Resources */ = {isa = PBXBuildFile; fileRef = 797ED98A1D3774E0006DB271 /* LaunchScreen.storyboard */; };
		797ED98D1D37750C006DB271 /* Main.storyboard in Resources */ = {isa = PBXBuildFile; fileRef = 797ED98C1D37750C006DB271 /* Main.storyboard */; };
		797ED99F1D378F3E006DB271 /* TTATestFunction.swift in Sources */ = {isa = PBXBuildFile; fileRef = 797ED9971D378F3E006DB271 /* TTATestFunction.swift */; };
		797ED9A01D378F3E006DB271 /* TTAView.swift in Sources */ = {isa = PBXBuildFile; fileRef = 797ED9991D378F3E006DB271 /* TTAView.swift */; };
		797ED9A11D378F3E006DB271 /* ViewController+GameLogic.swift in Sources */ = {isa = PBXBuildFile; fileRef = 797ED99B1D378F3E006DB271 /* ViewController+GameLogic.swift */; };
		797ED9A21D378F3E006DB271 /* ViewController+GestureProcessing.swift in Sources */ = {isa = PBXBuildFile; fileRef = 797ED99C1D378F3E006DB271 /* ViewController+GestureProcessing.swift */; };
		797ED9A31D378F3E006DB271 /* ViewController+ResultProcessing.swift in Sources */ = {isa = PBXBuildFile; fileRef = 797ED99D1D378F3E006DB271 /* ViewController+ResultProcessing.swift */; };
		797ED9A41D378F3E006DB271 /* ViewController.swift in Sources */ = {isa = PBXBuildFile; fileRef = 797ED99E1D378F3E006DB271 /* ViewController.swift */; };
		797ED9A61D37930E006DB271 /* ViewController+ButtonClickProcessing.swift in Sources */ = {isa = PBXBuildFile; fileRef = 797ED9A51D37930E006DB271 /* ViewController+ButtonClickProcessing.swift */; };
		797ED9A91D37937F006DB271 /* TTANetworkTool.swift in Sources */ = {isa = PBXBuildFile; fileRef = 797ED9A81D37937F006DB271 /* TTANetworkTool.swift */; };
/* End PBXBuildFile section */

/* Begin PBXFileReference section */
		7944FA4D1D33D7CA00C230C2 /* Puzzle.app */ = {isa = PBXFileReference; explicitFileType = wrapper.application; includeInIndex = 0; path = Puzzle.app; sourceTree = BUILT_PRODUCTS_DIR; };
		7944FA501D33D7CA00C230C2 /* AppDelegate.swift */ = {isa = PBXFileReference; lastKnownFileType = sourcecode.swift; path = AppDelegate.swift; sourceTree = "<group>"; };
		7944FA571D33D7CA00C230C2 /* Assets.xcassets */ = {isa = PBXFileReference; lastKnownFileType = folder.assetcatalog; path = Assets.xcassets; sourceTree = "<group>"; };
		7944FA5C1D33D7CA00C230C2 /* Info.plist */ = {isa = PBXFileReference; lastKnownFileType = text.plist.xml; path = Info.plist; sourceTree = "<group>"; };
		7944FA621D33D8F200C230C2 /* my_icon_large.png */ = {isa = PBXFileReference; lastKnownFileType = image.png; path = my_icon_large.png; sourceTree = "<group>"; };
		797ED98A1D3774E0006DB271 /* LaunchScreen.storyboard */ = {isa = PBXFileReference; fileEncoding = 4; lastKnownFileType = file.storyboard; path = LaunchScreen.storyboard; sourceTree = "<group>"; };
		797ED98C1D37750C006DB271 /* Main.storyboard */ = {isa = PBXFileReference; fileEncoding = 4; lastKnownFileType = file.storyboard; path = Main.storyboard; sourceTree = "<group>"; };
		797ED9971D378F3E006DB271 /* TTATestFunction.swift */ = {isa = PBXFileReference; fileEncoding = 4; lastKnownFileType = sourcecode.swift; path = TTATestFunction.swift; sourceTree = "<group>"; };
		797ED9991D378F3E006DB271 /* TTAView.swift */ = {isa = PBXFileReference; fileEncoding = 4; lastKnownFileType = sourcecode.swift; path = TTAView.swift; sourceTree = "<group>"; };
		797ED99B1D378F3E006DB271 /* ViewController+GameLogic.swift */ = {isa = PBXFileReference; fileEncoding = 4; lastKnownFileType = sourcecode.swift; path = "ViewController+GameLogic.swift"; sourceTree = "<group>"; };
		797ED99C1D378F3E006DB271 /* ViewController+GestureProcessing.swift */ = {isa = PBXFileReference; fileEncoding = 4; lastKnownFileType = sourcecode.swift; path = "ViewController+GestureProcessing.swift"; sourceTree = "<group>"; };
		797ED99D1D378F3E006DB271 /* ViewController+ResultProcessing.swift */ = {isa = PBXFileReference; fileEncoding = 4; lastKnownFileType = sourcecode.swift; path = "ViewController+ResultProcessing.swift"; sourceTree = "<group>"; };
		797ED99E1D378F3E006DB271 /* ViewController.swift */ = {isa = PBXFileReference; fileEncoding = 4; lastKnownFileType = sourcecode.swift; path = ViewController.swift; sourceTree = "<group>"; };
		797ED9A51D37930E006DB271 /* ViewController+ButtonClickProcessing.swift */ = {isa = PBXFileReference; fileEncoding = 4; lastKnownFileType = sourcecode.swift; path = "ViewController+ButtonClickProcessing.swift"; sourceTree = "<group>"; };
		797ED9A81D37937F006DB271 /* TTANetworkTool.swift */ = {isa = PBXFileReference; fileEncoding = 4; lastKnownFileType = sourcecode.swift; path = TTANetworkTool.swift; sourceTree = "<group>"; };
/* End PBXFileReference section */

/* Begin PBXFrameworksBuildPhase section */
		7944FA4A1D33D7CA00C230C2 /* Frameworks */ = {
			isa = PBXFrameworksBuildPhase;
			buildActionMask = 2147483647;
			files = (
			);
			runOnlyForDeploymentPostprocessing = 0;
		};
/* End PBXFrameworksBuildPhase section */

/* Begin PBXGroup section */
		7944FA441D33D7CA00C230C2 = {
			isa = PBXGroup;
			children = (
				7944FA4F1D33D7CA00C230C2 /* Puzzle */,
				7944FA4E1D33D7CA00C230C2 /* Products */,
			);
			sourceTree = "<group>";
		};
		7944FA4E1D33D7CA00C230C2 /* Products */ = {
			isa = PBXGroup;
			children = (
				7944FA4D1D33D7CA00C230C2 /* Puzzle.app */,
			);
			name = Products;
			sourceTree = "<group>";
		};
		7944FA4F1D33D7CA00C230C2 /* Puzzle */ = {
			isa = PBXGroup;
			children = (
				797ED9941D378F3E006DB271 /* Classes */,
				7944FA501D33D7CA00C230C2 /* AppDelegate.swift */,
				797ED98C1D37750C006DB271 /* Main.storyboard */,
				7944FA571D33D7CA00C230C2 /* Assets.xcassets */,
				797ED98A1D3774E0006DB271 /* LaunchScreen.storyboard */,
				7944FA621D33D8F200C230C2 /* my_icon_large.png */,
				7944FA5C1D33D7CA00C230C2 /* Info.plist */,
			);
			path = Puzzle;
			sourceTree = "<group>";
		};
		797ED9941D378F3E006DB271 /* Classes */ = {
			isa = PBXGroup;
			children = (
				797ED9A71D379356006DB271 /* Tool */,
				797ED9951D378F3E006DB271 /* Model */,
				797ED9961D378F3E006DB271 /* TestFunction */,
				797ED9981D378F3E006DB271 /* View */,
				797ED99A1D378F3E006DB271 /* ViewModel */,
			);
			path = Classes;
			sourceTree = "<group>";
		};
		797ED9951D378F3E006DB271 /* Model */ = {
			isa = PBXGroup;
			children = (
			);
			path = Model;
			sourceTree = "<group>";
		};
		797ED9961D378F3E006DB271 /* TestFunction */ = {
			isa = PBXGroup;
			children = (
				797ED9971D378F3E006DB271 /* TTATestFunction.swift */,
			);
			path = TestFunction;
			sourceTree = "<group>";
		};
		797ED9981D378F3E006DB271 /* View */ = {
			isa = PBXGroup;
			children = (
				797ED9991D378F3E006DB271 /* TTAView.swift */,
			);
			path = View;
			sourceTree = "<group>";
		};
		797ED99A1D378F3E006DB271 /* ViewModel */ = {
			isa = PBXGroup;
			children = (
				797ED99E1D378F3E006DB271 /* ViewController.swift */,
				797ED99B1D378F3E006DB271 /* ViewController+GameLogic.swift */,
				797ED99C1D378F3E006DB271 /* ViewController+GestureProcessing.swift */,
				797ED99D1D378F3E006DB271 /* ViewController+ResultProcessing.swift */,
				797ED9A51D37930E006DB271 /* ViewController+ButtonClickProcessing.swift */,
			);
			path = ViewModel;
			sourceTree = "<group>";
		};
		797ED9A71D379356006DB271 /* Tool */ = {
			isa = PBXGroup;
			children = (
				797ED9A81D37937F006DB271 /* TTANetworkTool.swift */,
			);
			path = Tool;
			sourceTree = "<group>";
		};
/* End PBXGroup section */

/* Begin PBXNativeTarget section */
		7944FA4C1D33D7CA00C230C2 /* Puzzle */ = {
			isa = PBXNativeTarget;
			buildConfigurationList = 7944FA5F1D33D7CA00C230C2 /* Build configuration list for PBXNativeTarget "Puzzle" */;
			buildPhases = (
				7944FA491D33D7CA00C230C2 /* Sources */,
				7944FA4A1D33D7CA00C230C2 /* Frameworks */,
				7944FA4B1D33D7CA00C230C2 /* Resources */,
			);
			buildRules = (
			);
			dependencies = (
			);
			name = Puzzle;
			productName = Puzzle;
			productReference = 7944FA4D1D33D7CA00C230C2 /* Puzzle.app */;
			productType = "com.apple.product-type.application";
		};
/* End PBXNativeTarget section */

/* Begin PBXProject section */
		7944FA451D33D7CA00C230C2 /* Project object */ = {
			isa = PBXProject;
			attributes = {
				LastSwiftUpdateCheck = 0800;
				LastUpgradeCheck = 0800;
				ORGANIZATIONNAME = TobyoTenma;
				TargetAttributes = {
					7944FA4C1D33D7CA00C230C2 = {
						CreatedOnToolsVersion = 8.0;
						DevelopmentTeam = EPSPHDMRQR;
						DevelopmentTeamName = "Tenma Tobyo (Personal Team)";
						ProvisioningStyle = Automatic;
					};
				};
			};
			buildConfigurationList = 7944FA481D33D7CA00C230C2 /* Build configuration list for PBXProject "Puzzle" */;
			compatibilityVersion = "Xcode 3.2";
			developmentRegion = English;
			hasScannedForEncodings = 0;
			knownRegions = (
				en,
				Base,
			);
			mainGroup = 7944FA441D33D7CA00C230C2;
			productRefGroup = 7944FA4E1D33D7CA00C230C2 /* Products */;
			projectDirPath = "";
			projectRoot = "";
			targets = (
				7944FA4C1D33D7CA00C230C2 /* Puzzle */,
			);
		};
/* End PBXProject section */

/* Begin PBXResourcesBuildPhase section */
		7944FA4B1D33D7CA00C230C2 /* Resources */ = {
			isa = PBXResourcesBuildPhase;
			buildActionMask = 2147483647;
			files = (
				7944FA631D33D8F200C230C2 /* my_icon_large.png in Resources */,
				797ED98B1D3774E0006DB271 /* LaunchScreen.storyboard in Resources */,
				7944FA581D33D7CA00C230C2 /* Assets.xcassets in Resources */,
				797ED98D1D37750C006DB271 /* Main.storyboard in Resources */,
			);
			runOnlyForDeploymentPostprocessing = 0;
		};
/* End PBXResourcesBuildPhase section */

/* Begin PBXSourcesBuildPhase section */
		7944FA491D33D7CA00C230C2 /* Sources */ = {
			isa = PBXSourcesBuildPhase;
			buildActionMask = 2147483647;
			files = (
				797ED9A01D378F3E006DB271 /* TTAView.swift in Sources */,
				7944FA511D33D7CA00C230C2 /* AppDelegate.swift in Sources */,
				797ED9A91D37937F006DB271 /* TTANetworkTool.swift in Sources */,
				797ED9A31D378F3E006DB271 /* ViewController+ResultProcessing.swift in Sources */,
				797ED99F1D378F3E006DB271 /* TTATestFunction.swift in Sources */,
				797ED9A41D378F3E006DB271 /* ViewController.swift in Sources */,
				797ED9A11D378F3E006DB271 /* ViewController+GameLogic.swift in Sources */,
				797ED9A61D37930E006DB271 /* ViewController+ButtonClickProcessing.swift in Sources */,
				797ED9A21D378F3E006DB271 /* ViewController+GestureProcessing.swift in Sources */,
			);
			runOnlyForDeploymentPostprocessing = 0;
		};
/* End PBXSourcesBuildPhase section */

/* Begin XCBuildConfiguration section */
		7944FA5D1D33D7CA00C230C2 /* Debug */ = {
			isa = XCBuildConfiguration;
			buildSettings = {
				ALWAYS_SEARCH_USER_PATHS = NO;
				CLANG_ANALYZER_NONNULL = YES;
				CLANG_CXX_LANGUAGE_STANDARD = "gnu++0x";
				CLANG_CXX_LIBRARY = "libc++";
				CLANG_ENABLE_MODULES = YES;
				CLANG_ENABLE_OBJC_ARC = YES;
				CLANG_WARN_BOOL_CONVERSION = YES;
				CLANG_WARN_CONSTANT_CONVERSION = YES;
				CLANG_WARN_DIRECT_OBJC_ISA_USAGE = YES_ERROR;
				CLANG_WARN_DOCUMENTATION_COMMENTS = YES;
				CLANG_WARN_EMPTY_BODY = YES;
				CLANG_WARN_ENUM_CONVERSION = YES;
				CLANG_WARN_INT_CONVERSION = YES;
				CLANG_WARN_OBJC_ROOT_CLASS = YES_ERROR;
				CLANG_WARN_UNREACHABLE_CODE = YES;
				CLANG_WARN__DUPLICATE_METHOD_MATCH = YES;
				"CODE_SIGN_IDENTITY[sdk=iphoneos*]" = "iPhone Developer";
				COPY_PHASE_STRIP = NO;
				DEBUG_INFORMATION_FORMAT = dwarf;
				ENABLE_STRICT_OBJC_MSGSEND = YES;
				ENABLE_TESTABILITY = YES;
				GCC_C_LANGUAGE_STANDARD = gnu99;
				GCC_DYNAMIC_NO_PIC = NO;
				GCC_NO_COMMON_BLOCKS = YES;
				GCC_OPTIMIZATION_LEVEL = 0;
				GCC_PREPROCESSOR_DEFINITIONS = (
					"DEBUG=1",
					"$(inherited)",
				);
				GCC_WARN_64_TO_32_BIT_CONVERSION = YES;
				GCC_WARN_ABOUT_RETURN_TYPE = YES_ERROR;
				GCC_WARN_UNDECLARED_SELECTOR = YES;
				GCC_WARN_UNINITIALIZED_AUTOS = YES_AGGRESSIVE;
				GCC_WARN_UNUSED_FUNCTION = YES;
				GCC_WARN_UNUSED_VARIABLE = YES;
				IPHONEOS_DEPLOYMENT_TARGET = 10.0;
				MTL_ENABLE_DEBUG_INFO = YES;
				ONLY_ACTIVE_ARCH = YES;
				SDKROOT = iphoneos;
				SWIFT_ACTIVE_COMPILATION_CONDITIONS = DEBUG;
				SWIFT_OPTIMIZATION_LEVEL = "-Onone";
			};
			name = Debug;
		};
		7944FA5E1D33D7CA00C230C2 /* Release */ = {
			isa = XCBuildConfiguration;
			buildSettings = {
				ALWAYS_SEARCH_USER_PATHS = NO;
				CLANG_ANALYZER_NONNULL = YES;
				CLANG_CXX_LANGUAGE_STANDARD = "gnu++0x";
				CLANG_CXX_LIBRARY = "libc++";
				CLANG_ENABLE_MODULES = YES;
				CLANG_ENABLE_OBJC_ARC = YES;
				CLANG_WARN_BOOL_CONVERSION = YES;
				CLANG_WARN_CONSTANT_CONVERSION = YES;
				CLANG_WARN_DIRECT_OBJC_ISA_USAGE = YES_ERROR;
				CLANG_WARN_DOCUMENTATION_COMMENTS = YES;
				CLANG_WARN_EMPTY_BODY = YES;
				CLANG_WARN_ENUM_CONVERSION = YES;
				CLANG_WARN_INT_CONVERSION = YES;
				CLANG_WARN_OBJC_ROOT_CLASS = YES_ERROR;
				CLANG_WARN_UNREACHABLE_CODE = YES;
				CLANG_WARN__DUPLICATE_METHOD_MATCH = YES;
				"CODE_SIGN_IDENTITY[sdk=iphoneos*]" = "iPhone Developer";
				COPY_PHASE_STRIP = NO;
				DEBUG_INFORMATION_FORMAT = "dwarf-with-dsym";
				ENABLE_NS_ASSERTIONS = NO;
				ENABLE_STRICT_OBJC_MSGSEND = YES;
				GCC_C_LANGUAGE_STANDARD = gnu99;
				GCC_NO_COMMON_BLOCKS = YES;
				GCC_WARN_64_TO_32_BIT_CONVERSION = YES;
				GCC_WARN_ABOUT_RETURN_TYPE = YES_ERROR;
				GCC_WARN_UNDECLARED_SELECTOR = YES;
				GCC_WARN_UNINITIALIZED_AUTOS = YES_AGGRESSIVE;
				GCC_WARN_UNUSED_FUNCTION = YES;
				GCC_WARN_UNUSED_VARIABLE = YES;
				IPHONEOS_DEPLOYMENT_TARGET = 10.0;
				MTL_ENABLE_DEBUG_INFO = NO;
				SDKROOT = iphoneos;
				SWIFT_OPTIMIZATION_LEVEL = "-Owholemodule";
				VALIDATE_PRODUCT = YES;
			};
			name = Release;
		};
		7944FA601D33D7CA00C230C2 /* Debug */ = {
			isa = XCBuildConfiguration;
			buildSettings = {
				ASSETCATALOG_COMPILER_APPICON_NAME = AppIcon;
				INFOPLIST_FILE = Puzzle/Info.plist;
				IPHONEOS_DEPLOYMENT_TARGET = 9.0;
				LD_RUNPATH_SEARCH_PATHS = "$(inherited) @executable_path/Frameworks";
				PRODUCT_BUNDLE_IDENTIFIER = com.tmtbo.Puzzle;
				PRODUCT_NAME = "$(TARGET_NAME)";
				SWIFT_VERSION = 3.0;
			};
			name = Debug;
		};
		7944FA611D33D7CA00C230C2 /* Release */ = {
			isa = XCBuildConfiguration;
			buildSettings = {
				ASSETCATALOG_COMPILER_APPICON_NAME = AppIcon;
				INFOPLIST_FILE = Puzzle/Info.plist;
				IPHONEOS_DEPLOYMENT_TARGET = 9.0;
				LD_RUNPATH_SEARCH_PATHS = "$(inherited) @executable_path/Frameworks";
				PRODUCT_BUNDLE_IDENTIFIER = com.tmtbo.Puzzle;
				PRODUCT_NAME = "$(TARGET_NAME)";
				SWIFT_VERSION = 3.0;
			};
			name = Release;
		};
/* End XCBuildConfiguration section */

/* Begin XCConfigurationList section */
		7944FA481D33D7CA00C230C2 /* Build configuration list for PBXProject "Puzzle" */ = {
			isa = XCConfigurationList;
			buildConfigurations = (
				7944FA5D1D33D7CA00C230C2 /* Debug */,
				7944FA5E1D33D7CA00C230C2 /* Release */,
			);
			defaultConfigurationIsVisible = 0;
			defaultConfigurationName = Release;
		};
		7944FA5F1D33D7CA00C230C2 /* Build configuration list for PBXNativeTarget "Puzzle" */ = {
			isa = XCConfigurationList;
			buildConfigurations = (
				7944FA601D33D7CA00C230C2 /* Debug */,
				7944FA611D33D7CA00C230C2 /* Release */,
			);
			defaultConfigurationIsVisible = 0;
			defaultConfigurationName = Release;
		};
/* End XCConfigurationList section */
	};
	rootObject = 7944FA451D33D7CA00C230C2 /* Project object */;
}
